
Microsoft Visual Studio Solution File, Format Version 12.00
# Visual Studio Version 17
VisualStudioVersion = 17.0.32126.317
MinimumVisualStudioVersion = 10.0.40219.1
Project("{FAE04EC0-301F-11D3-BF4B-00C04F79EFBC}") = "first", "first\first.csproj", "{244E617C-EBC3-44DD-9855-760757BFAA48}"
EndProject
Global
	GlobalSection(SolutionConfigurationPlatforms) = preSolution
		Debug|Any CPU = Debug|Any CPU
		Release|Any CPU = Release|Any CPU
	EndGlobalSection
	GlobalSection(ProjectConfigurationPlatforms) = postSolution
		{244E617C-EBC3-44DD-9855-760757BFAA48}.Debug|Any CPU.ActiveCfg = Debug|Any CPU
		{244E617C-EBC3-44DD-9855-760757BFAA48}.Debug|Any CPU.Build.0 = Debug|Any CPU
		{244E617C-EBC3-44DD-9855-760757BFAA48}.Release|Any CPU.ActiveCfg = Release|Any CPU
		{244E617C-EBC3-44DD-9855-760757BFAA48}.Release|Any CPU.Build.0 = Release|Any CPU
	EndGlobalSection
	GlobalSection(SolutionProperties) = preSolution
		HideSolutionNode = FALSE
	EndGlobalSection
	GlobalSection(ExtensibilityGlobals) = postSolution
		SolutionGuid = {2F83A4E6-5C32-4C66-A9B1-C86D7565264F}
	EndGlobalSection
EndGlobal
